{
  "name": "emergency-broadcast-test-message",
  "version": "0.0.0",
  "lockfileVersion": 1,
  "requires": true,
  "dependencies": {
    "english-list": {
      "version": "1.0.0",
      "resolved": "https://registry.npmjs.org/english-list/-/english-list-1.0.0.tgz",
      "integrity": "sha512-bymeFA1uVYM4Bt4aLvV36X9iYk7GrG2IN1HmL1CTueRSYJLYQTXJjbqOyUGmYgfrrS3fxqs1iEU/bIiHLuneRA=="
    },
    "indefinite": {
      "version": "2.2.1",
      "resolved": "https://registry.npmjs.org/indefinite/-/indefinite-2.2.1.tgz",
      "integrity": "sha512-pA9hjvYvDjP4JWlrq0ph57eG11W2BXibZQJFTXBviATe+OOu5Egufzn57tr30lZHmQJcv9L3j82YtqabTlh59w=="
    },
    "zora": {
      "version": "3.0.1",
      "resolved": "https://registry.npmjs.org/zora/-/zora-3.0.1.tgz",
      "integrity": "sha512-RAlYsN8t15LfeinhaXdUt3ytFqBpupm7/5vsB/IO+z/Y1drNoIW5wIokv92MN66/ne1jQY2lA0iEm6/gtREaBw==",
      "dev": true
    }
  }
}
